
Microsoft Visual Studio Solution File, Format Version 12.00
# Visual Studio Version 17
VisualStudioVersion = 17.5.002.0
MinimumVisualStudioVersion = 10.0.40219.1
Project("{9A19103F-16F7-4668-BE54-9A1E7A4F7556}") = "api", "api\api.csproj", "{05F9E68C-9E4E-427B-9BBE-766E6C967C3E}"
EndProject
Global
	GlobalSection(SolutionConfigurationPlatforms) = preSolution
		Debug|Any CPU = Debug|Any CPU
		Release|Any CPU = Release|Any CPU
	EndGlobalSection
	GlobalSection(ProjectConfigurationPlatforms) = postSolution
		{05F9E68C-9E4E-427B-9BBE-766E6C967C3E}.Debug|Any CPU.ActiveCfg = Debug|Any CPU
		{05F9E68C-9E4E-427B-9BBE-766E6C967C3E}.Debug|Any CPU.Build.0 = Debug|Any CPU
		{05F9E68C-9E4E-427B-9BBE-766E6C967C3E}.Release|Any CPU.ActiveCfg = Release|Any CPU
		{05F9E68C-9E4E-427B-9BBE-766E6C967C3E}.Release|Any CPU.Build.0 = Release|Any CPU
	EndGlobalSection
	GlobalSection(SolutionProperties) = preSolution
		HideSolutionNode = FALSE
	EndGlobalSection
	GlobalSection(ExtensibilityGlobals) = postSolution
		SolutionGuid = {9E2D915E-5AB5-4AD2-A0F4-06F0C9C530BB}
	EndGlobalSection
EndGlobal
